
Microsoft Visual Studio Solution File, Format Version 12.00
# Visual Studio Version 16
VisualStudioVersion = 16.0.30104.148
MinimumVisualStudioVersion = 10.0.40219.1
Project("{FAE04EC0-301F-11D3-BF4B-00C04F79EFBC}") = "mssql-connect", "mssql-connect\mssql-connect.csproj", "{78A857B4-53CC-4827-BBEA-32C59CAF3167}"
EndProject
Global
	GlobalSection(SolutionConfigurationPlatforms) = preSolution
		Debug|Any CPU = Debug|Any CPU
		Release|Any CPU = Release|Any CPU
	EndGlobalSection
	GlobalSection(ProjectConfigurationPlatforms) = postSolution
		{78A857B4-53CC-4827-BBEA-32C59CAF3167}.Debug|Any CPU.ActiveCfg = Debug|Any CPU
		{78A857B4-53CC-4827-BBEA-32C59CAF3167}.Debug|Any CPU.Build.0 = Debug|Any CPU
		{78A857B4-53CC-4827-BBEA-32C59CAF3167}.Release|Any CPU.ActiveCfg = Release|Any CPU
		{78A857B4-53CC-4827-BBEA-32C59CAF3167}.Release|Any CPU.Build.0 = Release|Any CPU
	EndGlobalSection
	GlobalSection(SolutionProperties) = preSolution
		HideSolutionNode = FALSE
	EndGlobalSection
	GlobalSection(ExtensibilityGlobals) = postSolution
		SolutionGuid = {8EA5899E-941E-43B4-8B24-724CE9AC3E62}
	EndGlobalSection
EndGlobal
