
Microsoft Visual Studio Solution File, Format Version 12.00
# Visual Studio Version 16
VisualStudioVersion = 16.0.30104.148
MinimumVisualStudioVersion = 10.0.40219.1
Project("{FAE04EC0-301F-11D3-BF4B-00C04F79EFBC}") = "ChromeBrowserOpen", "ChromeBrowserOpen\ChromeBrowserOpen.csproj", "{996EFB2A-5FF4-40D3-89C0-482727BBF4CD}"
EndProject
Global
	GlobalSection(SolutionConfigurationPlatforms) = preSolution
		Debug|Any CPU = Debug|Any CPU
		Release|Any CPU = Release|Any CPU
	EndGlobalSection
	GlobalSection(ProjectConfigurationPlatforms) = postSolution
		{996EFB2A-5FF4-40D3-89C0-482727BBF4CD}.Debug|Any CPU.ActiveCfg = Debug|Any CPU
		{996EFB2A-5FF4-40D3-89C0-482727BBF4CD}.Debug|Any CPU.Build.0 = Debug|Any CPU
		{996EFB2A-5FF4-40D3-89C0-482727BBF4CD}.Release|Any CPU.ActiveCfg = Release|Any CPU
		{996EFB2A-5FF4-40D3-89C0-482727BBF4CD}.Release|Any CPU.Build.0 = Release|Any CPU
	EndGlobalSection
	GlobalSection(SolutionProperties) = preSolution
		HideSolutionNode = FALSE
	EndGlobalSection
	GlobalSection(ExtensibilityGlobals) = postSolution
		SolutionGuid = {DBAC0343-4AC6-4EFD-8A1E-C98158D963D0}
	EndGlobalSection
EndGlobal
