
Microsoft Visual Studio Solution File, Format Version 12.00
# Visual Studio Version 16
VisualStudioVersion = 16.0.30104.148
MinimumVisualStudioVersion = 10.0.40219.1
Project("{FAE04EC0-301F-11D3-BF4B-00C04F79EFBC}") = "MyFriendsList", "MyFriendsList\MyFriendsList.csproj", "{D31EA7D4-EC6C-4AB3-9128-23EC49321405}"
EndProject
Global
	GlobalSection(SolutionConfigurationPlatforms) = preSolution
		Debug|Any CPU = Debug|Any CPU
		Release|Any CPU = Release|Any CPU
	EndGlobalSection
	GlobalSection(ProjectConfigurationPlatforms) = postSolution
		{D31EA7D4-EC6C-4AB3-9128-23EC49321405}.Debug|Any CPU.ActiveCfg = Debug|Any CPU
		{D31EA7D4-EC6C-4AB3-9128-23EC49321405}.Debug|Any CPU.Build.0 = Debug|Any CPU
		{D31EA7D4-EC6C-4AB3-9128-23EC49321405}.Release|Any CPU.ActiveCfg = Release|Any CPU
		{D31EA7D4-EC6C-4AB3-9128-23EC49321405}.Release|Any CPU.Build.0 = Release|Any CPU
	EndGlobalSection
	GlobalSection(SolutionProperties) = preSolution
		HideSolutionNode = FALSE
	EndGlobalSection
	GlobalSection(ExtensibilityGlobals) = postSolution
		SolutionGuid = {53417B87-0595-4692-98C3-AC8CD2155F9A}
	EndGlobalSection
EndGlobal
